// !$*UTF8*$!
{
	archiveVersion = 1;
	classes = {
	};
	objectVersion = 55;
	objects = {

/* Begin PBXBuildFile section */
		FE22737E270CCF64009A8059 /* QuestionViewController.swift in Sources */ = {isa = PBXBuildFile; fileRef = FE22737D270CCF64009A8059 /* QuestionViewController.swift */; };
		FEAD79EF270A606F000C4F0F /* AppDelegate.swift in Sources */ = {isa = PBXBuildFile; fileRef = FEAD79EE270A606F000C4F0F /* AppDelegate.swift */; };
		FEAD79F1270A606F000C4F0F /* SceneDelegate.swift in Sources */ = {isa = PBXBuildFile; fileRef = FEAD79F0270A606F000C4F0F /* SceneDelegate.swift */; };
		FEAD79F3270A606F000C4F0F /* ViewController.swift in Sources */ = {isa = PBXBuildFile; fileRef = FEAD79F2270A606F000C4F0F /* ViewController.swift */; };
		FEAD79F6270A606F000C4F0F /* Main.storyboard in Resources */ = {isa = PBXBuildFile; fileRef = FEAD79F4270A606F000C4F0F /* Main.storyboard */; };
		FEAD79F9270A606F000C4F0F /* Discrete_Structures_Tutor.xcdatamodeld in Sources */ = {isa = PBXBuildFile; fileRef = FEAD79F7270A606F000C4F0F /* Discrete_Structures_Tutor.xcdatamodeld */; };
		FEAD79FB270A6070000C4F0F /* Assets.xcassets in Resources */ = {isa = PBXBuildFile; fileRef = FEAD79FA270A6070000C4F0F /* Assets.xcassets */; };
		FEAD79FE270A6070000C4F0F /* LaunchScreen.storyboard in Resources */ = {isa = PBXBuildFile; fileRef = FEAD79FC270A6070000C4F0F /* LaunchScreen.storyboard */; };
		FEAD7A07270A6268000C4F0F /* TopicsViewController.swift in Sources */ = {isa = PBXBuildFile; fileRef = FEAD7A06270A6268000C4F0F /* TopicsViewController.swift */; };
		FEC0E48C270A784C00BDB2AE /* LessonViewController.swift in Sources */ = {isa = PBXBuildFile; fileRef = FEC0E48B270A784C00BDB2AE /* LessonViewController.swift */; };
/* End PBXBuildFile section */

/* Begin PBXFileReference section */
		FE22737D270CCF64009A8059 /* QuestionViewController.swift */ = {isa = PBXFileReference; lastKnownFileType = sourcecode.swift; path = QuestionViewController.swift; sourceTree = "<group>"; };
		FEAD79EB270A606F000C4F0F /* Discrete Structures Tutor.app */ = {isa = PBXFileReference; explicitFileType = wrapper.application; includeInIndex = 0; path = "Discrete Structures Tutor.app"; sourceTree = BUILT_PRODUCTS_DIR; };
		FEAD79EE270A606F000C4F0F /* AppDelegate.swift */ = {isa = PBXFileReference; lastKnownFileType = sourcecode.swift; path = AppDelegate.swift; sourceTree = "<group>"; };
		FEAD79F0270A606F000C4F0F /* SceneDelegate.swift */ = {isa = PBXFileReference; lastKnownFileType = sourcecode.swift; path = SceneDelegate.swift; sourceTree = "<group>"; };
		FEAD79F2270A606F000C4F0F /* ViewController.swift */ = {isa = PBXFileReference; lastKnownFileType = sourcecode.swift; path = ViewController.swift; sourceTree = "<group>"; };
		FEAD79F5270A606F000C4F0F /* Base */ = {isa = PBXFileReference; lastKnownFileType = file.storyboard; name = Base; path = Base.lproj/Main.storyboard; sourceTree = "<group>"; };
		FEAD79F8270A606F000C4F0F /* Discrete_Structures_Tutor.xcdatamodel */ = {isa = PBXFileReference; lastKnownFileType = wrapper.xcdatamodel; path = Discrete_Structures_Tutor.xcdatamodel; sourceTree = "<group>"; };
		FEAD79FA270A6070000C4F0F /* Assets.xcassets */ = {isa = PBXFileReference; lastKnownFileType = folder.assetcatalog; path = Assets.xcassets; sourceTree = "<group>"; };
		FEAD79FD270A6070000C4F0F /* Base */ = {isa = PBXFileReference; lastKnownFileType = file.storyboard; name = Base; path = Base.lproj/LaunchScreen.storyboard; sourceTree = "<group>"; };
		FEAD79FF270A6070000C4F0F /* Info.plist */ = {isa = PBXFileReference; lastKnownFileType = text.plist.xml; path = Info.plist; sourceTree = "<group>"; };
		FEAD7A06270A6268000C4F0F /* TopicsViewController.swift */ = {isa = PBXFileReference; lastKnownFileType = sourcecode.swift; path = TopicsViewController.swift; sourceTree = "<group>"; };
		FEC0E48B270A784C00BDB2AE /* LessonViewController.swift */ = {isa = PBXFileReference; lastKnownFileType = sourcecode.swift; path = LessonViewController.swift; sourceTree = "<group>"; };
/* End PBXFileReference section */

/* Begin PBXFrameworksBuildPhase section */
		FEAD79E8270A606F000C4F0F /* Frameworks */ = {
			isa = PBXFrameworksBuildPhase;
			buildActionMask = 2147483647;
			files = (
			);
			runOnlyForDeploymentPostprocessing = 0;
		};
/* End PBXFrameworksBuildPhase section */

/* Begin PBXGroup section */
		FEAD79E2270A606F000C4F0F = {
			isa = PBXGroup;
			children = (
				FEAD79ED270A606F000C4F0F /* Discrete Structures Tutor */,
				FEAD79EC270A606F000C4F0F /* Products */,
			);
			sourceTree = "<group>";
		};
		FEAD79EC270A606F000C4F0F /* Products */ = {
			isa = PBXGroup;
			children = (
				FEAD79EB270A606F000C4F0F /* Discrete Structures Tutor.app */,
			);
			name = Products;
			sourceTree = "<group>";
		};
		FEAD79ED270A606F000C4F0F /* Discrete Structures Tutor */ = {
			isa = PBXGroup;
			children = (
				FEAD79EE270A606F000C4F0F /* AppDelegate.swift */,
				FEAD79F0270A606F000C4F0F /* SceneDelegate.swift */,
				FEFC7284270A6E7700504A6F /* Model */,
				FEFC7283270A6E6D00504A6F /* View */,
				FEAD7A05270A6251000C4F0F /* Controller */,
				FEAD79FA270A6070000C4F0F /* Assets.xcassets */,
				FEAD79FC270A6070000C4F0F /* LaunchScreen.storyboard */,
				FEAD79FF270A6070000C4F0F /* Info.plist */,
				FEAD79F7270A606F000C4F0F /* Discrete_Structures_Tutor.xcdatamodeld */,
			);
			path = "Discrete Structures Tutor";
			sourceTree = "<group>";
		};
		FEAD7A05270A6251000C4F0F /* Controller */ = {
			isa = PBXGroup;
			children = (
				FEAD79F2270A606F000C4F0F /* ViewController.swift */,
				FEAD7A06270A6268000C4F0F /* TopicsViewController.swift */,
				FEC0E48B270A784C00BDB2AE /* LessonViewController.swift */,
				FE22737D270CCF64009A8059 /* QuestionViewController.swift */,
			);
			path = Controller;
			sourceTree = "<group>";
		};
		FEFC7283270A6E6D00504A6F /* View */ = {
			isa = PBXGroup;
			children = (
				FEAD79F4270A606F000C4F0F /* Main.storyboard */,
			);
			path = View;
			sourceTree = "<group>";
		};
		FEFC7284270A6E7700504A6F /* Model */ = {
			isa = PBXGroup;
			children = (
			);
			path = Model;
			sourceTree = "<group>";
		};
/* End PBXGroup section */

/* Begin PBXNativeTarget section */
		FEAD79EA270A606F000C4F0F /* Discrete Structures Tutor */ = {
			isa = PBXNativeTarget;
			buildConfigurationList = FEAD7A02270A6070000C4F0F /* Build configuration list for PBXNativeTarget "Discrete Structures Tutor" */;
			buildPhases = (
				FEAD79E7270A606F000C4F0F /* Sources */,
				FEAD79E8270A606F000C4F0F /* Frameworks */,
				FEAD79E9270A606F000C4F0F /* Resources */,
			);
			buildRules = (
			);
			dependencies = (
			);
			name = "Discrete Structures Tutor";
			productName = "Discrete Structures Tutor";
			productReference = FEAD79EB270A606F000C4F0F /* Discrete Structures Tutor.app */;
			productType = "com.apple.product-type.application";
		};
/* End PBXNativeTarget section */

/* Begin PBXProject section */
		FEAD79E3270A606F000C4F0F /* Project object */ = {
			isa = PBXProject;
			attributes = {
				BuildIndependentTargetsInParallel = 1;
				LastSwiftUpdateCheck = 1300;
				LastUpgradeCheck = 1300;
				TargetAttributes = {
					FEAD79EA270A606F000C4F0F = {
						CreatedOnToolsVersion = 13.0;
					};
				};
			};
			buildConfigurationList = FEAD79E6270A606F000C4F0F /* Build configuration list for PBXProject "Discrete Structures Tutor" */;
			compatibilityVersion = "Xcode 13.0";
			developmentRegion = en;
			hasScannedForEncodings = 0;
			knownRegions = (
				en,
				Base,
			);
			mainGroup = FEAD79E2270A606F000C4F0F;
			productRefGroup = FEAD79EC270A606F000C4F0F /* Products */;
			projectDirPath = "";
			projectRoot = "";
			targets = (
				FEAD79EA270A606F000C4F0F /* Discrete Structures Tutor */,
			);
		};
/* End PBXProject section */

/* Begin PBXResourcesBuildPhase section */
		FEAD79E9270A606F000C4F0F /* Resources */ = {
			isa = PBXResourcesBuildPhase;
			buildActionMask = 2147483647;
			files = (
				FEAD79FE270A6070000C4F0F /* LaunchScreen.storyboard in Resources */,
				FEAD79FB270A6070000C4F0F /* Assets.xcassets in Resources */,
				FEAD79F6270A606F000C4F0F /* Main.storyboard in Resources */,
			);
			runOnlyForDeploymentPostprocessing = 0;
		};
/* End PBXResourcesBuildPhase section */

/* Begin PBXSourcesBuildPhase section */
		FEAD79E7270A606F000C4F0F /* Sources */ = {
			isa = PBXSourcesBuildPhase;
			buildActionMask = 2147483647;
			files = (
				FEAD79F3270A606F000C4F0F /* ViewController.swift in Sources */,
				FEAD79F9270A606F000C4F0F /* Discrete_Structures_Tutor.xcdatamodeld in Sources */,
				FE22737E270CCF64009A8059 /* QuestionViewController.swift in Sources */,
				FEAD79EF270A606F000C4F0F /* AppDelegate.swift in Sources */,
				FEAD7A07270A6268000C4F0F /* TopicsViewController.swift in Sources */,
				FEC0E48C270A784C00BDB2AE /* LessonViewController.swift in Sources */,
				FEAD79F1270A606F000C4F0F /* SceneDelegate.swift in Sources */,
			);
			runOnlyForDeploymentPostprocessing = 0;
		};
/* End PBXSourcesBuildPhase section */

/* Begin PBXVariantGroup section */
		FEAD79F4270A606F000C4F0F /* Main.storyboard */ = {
			isa = PBXVariantGroup;
			children = (
				FEAD79F5270A606F000C4F0F /* Base */,
			);
			name = Main.storyboard;
			sourceTree = "<group>";
		};
		FEAD79FC270A6070000C4F0F /* LaunchScreen.storyboard */ = {
			isa = PBXVariantGroup;
			children = (
				FEAD79FD270A6070000C4F0F /* Base */,
			);
			name = LaunchScreen.storyboard;
			sourceTree = "<group>";
		};
/* End PBXVariantGroup section */

/* Begin XCBuildConfiguration section */
		FEAD7A00270A6070000C4F0F /* Debug */ = {
			isa = XCBuildConfiguration;
			buildSettings = {
				ALWAYS_SEARCH_USER_PATHS = NO;
				CLANG_ANALYZER_NONNULL = YES;
				CLANG_ANALYZER_NUMBER_OBJECT_CONVERSION = YES_AGGRESSIVE;
				CLANG_CXX_LANGUAGE_STANDARD = "gnu++17";
				CLANG_CXX_LIBRARY = "libc++";
				CLANG_ENABLE_MODULES = YES;
				CLANG_ENABLE_OBJC_ARC = YES;
				CLANG_ENABLE_OBJC_WEAK = YES;
				CLANG_WARN_BLOCK_CAPTURE_AUTORELEASING = YES;
				CLANG_WARN_BOOL_CONVERSION = YES;
				CLANG_WARN_COMMA = YES;
				CLANG_WARN_CONSTANT_CONVERSION = YES;
				CLANG_WARN_DEPRECATED_OBJC_IMPLEMENTATIONS = YES;
				CLANG_WARN_DIRECT_OBJC_ISA_USAGE = YES_ERROR;
				CLANG_WARN_DOCUMENTATION_COMMENTS = YES;
				CLANG_WARN_EMPTY_BODY = YES;
				CLANG_WARN_ENUM_CONVERSION = YES;
				CLANG_WARN_INFINITE_RECURSION = YES;
				CLANG_WARN_INT_CONVERSION = YES;
				CLANG_WARN_NON_LITERAL_NULL_CONVERSION = YES;
				CLANG_WARN_OBJC_IMPLICIT_RETAIN_SELF = YES;
				CLANG_WARN_OBJC_LITERAL_CONVERSION = YES;
				CLANG_WARN_OBJC_ROOT_CLASS = YES_ERROR;
				CLANG_WARN_QUOTED_INCLUDE_IN_FRAMEWORK_HEADER = YES;
				CLANG_WARN_RANGE_LOOP_ANALYSIS = YES;
				CLANG_WARN_STRICT_PROTOTYPES = YES;
				CLANG_WARN_SUSPICIOUS_MOVE = YES;
				CLANG_WARN_UNGUARDED_AVAILABILITY = YES_AGGRESSIVE;
				CLANG_WARN_UNREACHABLE_CODE = YES;
				CLANG_WARN__DUPLICATE_METHOD_MATCH = YES;
				COPY_PHASE_STRIP = NO;
				DEBUG_INFORMATION_FORMAT = dwarf;
				ENABLE_STRICT_OBJC_MSGSEND = YES;
				ENABLE_TESTABILITY = YES;
				GCC_C_LANGUAGE_STANDARD = gnu11;
				GCC_DYNAMIC_NO_PIC = NO;
				GCC_NO_COMMON_BLOCKS = YES;
				GCC_OPTIMIZATION_LEVEL = 0;
				GCC_PREPROCESSOR_DEFINITIONS = (
					"DEBUG=1",
					"$(inherited)",
				);
				GCC_WARN_64_TO_32_BIT_CONVERSION = YES;
				GCC_WARN_ABOUT_RETURN_TYPE = YES_ERROR;
				GCC_WARN_UNDECLARED_SELECTOR = YES;
				GCC_WARN_UNINITIALIZED_AUTOS = YES_AGGRESSIVE;
				GCC_WARN_UNUSED_FUNCTION = YES;
				GCC_WARN_UNUSED_VARIABLE = YES;
				IPHONEOS_DEPLOYMENT_TARGET = 15.0;
				MTL_ENABLE_DEBUG_INFO = INCLUDE_SOURCE;
				MTL_FAST_MATH = YES;
				ONLY_ACTIVE_ARCH = YES;
				SDKROOT = iphoneos;
				SWIFT_ACTIVE_COMPILATION_CONDITIONS = DEBUG;
				SWIFT_OPTIMIZATION_LEVEL = "-Onone";
			};
			name = Debug;
		};
		FEAD7A01270A6070000C4F0F /* Release */ = {
			isa = XCBuildConfiguration;
			buildSettings = {
				ALWAYS_SEARCH_USER_PATHS = NO;
				CLANG_ANALYZER_NONNULL = YES;
				CLANG_ANALYZER_NUMBER_OBJECT_CONVERSION = YES_AGGRESSIVE;
				CLANG_CXX_LANGUAGE_STANDARD = "gnu++17";
				CLANG_CXX_LIBRARY = "libc++";
				CLANG_ENABLE_MODULES = YES;
				CLANG_ENABLE_OBJC_ARC = YES;
				CLANG_ENABLE_OBJC_WEAK = YES;
				CLANG_WARN_BLOCK_CAPTURE_AUTORELEASING = YES;
				CLANG_WARN_BOOL_CONVERSION = YES;
				CLANG_WARN_COMMA = YES;
				CLANG_WARN_CONSTANT_CONVERSION = YES;
				CLANG_WARN_DEPRECATED_OBJC_IMPLEMENTATIONS = YES;
				CLANG_WARN_DIRECT_OBJC_ISA_USAGE = YES_ERROR;
				CLANG_WARN_DOCUMENTATION_COMMENTS = YES;
				CLANG_WARN_EMPTY_BODY = YES;
				CLANG_WARN_ENUM_CONVERSION = YES;
				CLANG_WARN_INFINITE_RECURSION = YES;
				CLANG_WARN_INT_CONVERSION = YES;
				CLANG_WARN_NON_LITERAL_NULL_CONVERSION = YES;
				CLANG_WARN_OBJC_IMPLICIT_RETAIN_SELF = YES;
				CLANG_WARN_OBJC_LITERAL_CONVERSION = YES;
				CLANG_WARN_OBJC_ROOT_CLASS = YES_ERROR;
				CLANG_WARN_QUOTED_INCLUDE_IN_FRAMEWORK_HEADER = YES;
				CLANG_WARN_RANGE_LOOP_ANALYSIS = YES;
				CLANG_WARN_STRICT_PROTOTYPES = YES;
				CLANG_WARN_SUSPICIOUS_MOVE = YES;
				CLANG_WARN_UNGUARDED_AVAILABILITY = YES_AGGRESSIVE;
				CLANG_WARN_UNREACHABLE_CODE = YES;
				CLANG_WARN__DUPLICATE_METHOD_MATCH = YES;
				COPY_PHASE_STRIP = NO;
				DEBUG_INFORMATION_FORMAT = "dwarf-with-dsym";
				ENABLE_NS_ASSERTIONS = NO;
				ENABLE_STRICT_OBJC_MSGSEND = YES;
				GCC_C_LANGUAGE_STANDARD = gnu11;
				GCC_NO_COMMON_BLOCKS = YES;
				GCC_WARN_64_TO_32_BIT_CONVERSION = YES;
				GCC_WARN_ABOUT_RETURN_TYPE = YES_ERROR;
				GCC_WARN_UNDECLARED_SELECTOR = YES;
				GCC_WARN_UNINITIALIZED_AUTOS = YES_AGGRESSIVE;
				GCC_WARN_UNUSED_FUNCTION = YES;
				GCC_WARN_UNUSED_VARIABLE = YES;
				IPHONEOS_DEPLOYMENT_TARGET = 15.0;
				MTL_ENABLE_DEBUG_INFO = NO;
				MTL_FAST_MATH = YES;
				SDKROOT = iphoneos;
				SWIFT_COMPILATION_MODE = wholemodule;
				SWIFT_OPTIMIZATION_LEVEL = "-O";
				VALIDATE_PRODUCT = YES;
			};
			name = Release;
		};
		FEAD7A03270A6070000C4F0F /* Debug */ = {
			isa = XCBuildConfiguration;
			buildSettings = {
				ASSETCATALOG_COMPILER_APPICON_NAME = AppIcon;
				ASSETCATALOG_COMPILER_GLOBAL_ACCENT_COLOR_NAME = AccentColor;
				CODE_SIGN_STYLE = Automatic;
				CURRENT_PROJECT_VERSION = 1;
				GENERATE_INFOPLIST_FILE = YES;
				INFOPLIST_FILE = "Discrete Structures Tutor/Info.plist";
				INFOPLIST_KEY_UIApplicationSupportsIndirectInputEvents = YES;
				INFOPLIST_KEY_UILaunchStoryboardName = LaunchScreen;
				INFOPLIST_KEY_UIMainStoryboardFile = Main;
				INFOPLIST_KEY_UISupportedInterfaceOrientations_iPad = "UIInterfaceOrientationPortrait UIInterfaceOrientationPortraitUpsideDown UIInterfaceOrientationLandscapeLeft UIInterfaceOrientationLandscapeRight";
				INFOPLIST_KEY_UISupportedInterfaceOrientations_iPhone = "UIInterfaceOrientationPortrait UIInterfaceOrientationLandscapeLeft UIInterfaceOrientationLandscapeRight";
				LD_RUNPATH_SEARCH_PATHS = (
					"$(inherited)",
					"@executable_path/Frameworks",
				);
				MARKETING_VERSION = 1.0;
				PRODUCT_BUNDLE_IDENTIFIER = "seanhall.Discrete-Structures-Tutor";
				PRODUCT_NAME = "$(TARGET_NAME)";
				SWIFT_EMIT_LOC_STRINGS = YES;
				SWIFT_VERSION = 5.0;
				TARGETED_DEVICE_FAMILY = "1,2";
			};
			name = Debug;
		};
		FEAD7A04270A6070000C4F0F /* Release */ = {
			isa = XCBuildConfiguration;
			buildSettings = {
				ASSETCATALOG_COMPILER_APPICON_NAME = AppIcon;
				ASSETCATALOG_COMPILER_GLOBAL_ACCENT_COLOR_NAME = AccentColor;
				CODE_SIGN_STYLE = Automatic;
				CURRENT_PROJECT_VERSION = 1;
				GENERATE_INFOPLIST_FILE = YES;
				INFOPLIST_FILE = "Discrete Structures Tutor/Info.plist";
				INFOPLIST_KEY_UIApplicationSupportsIndirectInputEvents = YES;
				INFOPLIST_KEY_UILaunchStoryboardName = LaunchScreen;
				INFOPLIST_KEY_UIMainStoryboardFile = Main;
				INFOPLIST_KEY_UISupportedInterfaceOrientations_iPad = "UIInterfaceOrientationPortrait UIInterfaceOrientationPortraitUpsideDown UIInterfaceOrientationLandscapeLeft UIInterfaceOrientationLandscapeRight";
				INFOPLIST_KEY_UISupportedInterfaceOrientations_iPhone = "UIInterfaceOrientationPortrait UIInterfaceOrientationLandscapeLeft UIInterfaceOrientationLandscapeRight";
				LD_RUNPATH_SEARCH_PATHS = (
					"$(inherited)",
					"@executable_path/Frameworks",
				);
				MARKETING_VERSION = 1.0;
				PRODUCT_BUNDLE_IDENTIFIER = "seanhall.Discrete-Structures-Tutor";
				PRODUCT_NAME = "$(TARGET_NAME)";
				SWIFT_EMIT_LOC_STRINGS = YES;
				SWIFT_VERSION = 5.0;
				TARGETED_DEVICE_FAMILY = "1,2";
			};
			name = Release;
		};
/* End XCBuildConfiguration section */

/* Begin XCConfigurationList section */
		FEAD79E6270A606F000C4F0F /* Build configuration list for PBXProject "Discrete Structures Tutor" */ = {
			isa = XCConfigurationList;
			buildConfigurations = (
				FEAD7A00270A6070000C4F0F /* Debug */,
				FEAD7A01270A6070000C4F0F /* Release */,
			);
			defaultConfigurationIsVisible = 0;
			defaultConfigurationName = Release;
		};
		FEAD7A02270A6070000C4F0F /* Build configuration list for PBXNativeTarget "Discrete Structures Tutor" */ = {
			isa = XCConfigurationList;
			buildConfigurations = (
				FEAD7A03270A6070000C4F0F /* Debug */,
				FEAD7A04270A6070000C4F0F /* Release */,
			);
			defaultConfigurationIsVisible = 0;
			defaultConfigurationName = Release;
		};
/* End XCConfigurationList section */

/* Begin XCVersionGroup section */
		FEAD79F7270A606F000C4F0F /* Discrete_Structures_Tutor.xcdatamodeld */ = {
			isa = XCVersionGroup;
			children = (
				FEAD79F8270A606F000C4F0F /* Discrete_Structures_Tutor.xcdatamodel */,
			);
			currentVersion = FEAD79F8270A606F000C4F0F /* Discrete_Structures_Tutor.xcdatamodel */;
			path = Discrete_Structures_Tutor.xcdatamodeld;
			sourceTree = "<group>";
			versionGroupType = wrapper.xcdatamodel;
		};
/* End XCVersionGroup section */
	};
	rootObject = FEAD79E3270A606F000C4F0F /* Project object */;
}
